
Microsoft Visual Studio Solution File, Format Version 12.00
# Visual Studio Version 17
VisualStudioVersion = 17.4.33110.190
MinimumVisualStudioVersion = 10.0.40219.1
Project("{FAE04EC0-301F-11D3-BF4B-00C04F79EFBC}") = "backend", "backend\backend.csproj", "{12B758F4-29E8-4538-A2D3-940BC96293D2}"
EndProject
Global
	GlobalSection(SolutionConfigurationPlatforms) = preSolution
		Debug|Any CPU = Debug|Any CPU
		Release|Any CPU = Release|Any CPU
	EndGlobalSection
	GlobalSection(ProjectConfigurationPlatforms) = postSolution
		{12B758F4-29E8-4538-A2D3-940BC96293D2}.Debug|Any CPU.ActiveCfg = Debug|Any CPU
		{12B758F4-29E8-4538-A2D3-940BC96293D2}.Debug|Any CPU.Build.0 = Debug|Any CPU
		{12B758F4-29E8-4538-A2D3-940BC96293D2}.Release|Any CPU.ActiveCfg = Release|Any CPU
		{12B758F4-29E8-4538-A2D3-940BC96293D2}.Release|Any CPU.Build.0 = Release|Any CPU
	EndGlobalSection
	GlobalSection(SolutionProperties) = preSolution
		HideSolutionNode = FALSE
	EndGlobalSection
	GlobalSection(ExtensibilityGlobals) = postSolution
		SolutionGuid = {EFEEC5BE-99B4-43B2-BAFB-28C240CBEF82}
	EndGlobalSection
EndGlobal
